
Microsoft Visual Studio Solution File, Format Version 12.00
# Visual Studio Version 16
VisualStudioVersion = 16.0.31729.503
MinimumVisualStudioVersion = 10.0.40219.1
Project("{FAE04EC0-301F-11D3-BF4B-00C04F79EFBC}") = "Storage", "Storage.csproj", "{592BB610-DFC8-4EA6-8D98-EB6679A7C303}"
EndProject
Global
	GlobalSection(SolutionConfigurationPlatforms) = preSolution
		Debug|Any CPU = Debug|Any CPU
		Release|Any CPU = Release|Any CPU
	EndGlobalSection
	GlobalSection(ProjectConfigurationPlatforms) = postSolution
		{592BB610-DFC8-4EA6-8D98-EB6679A7C303}.Debug|Any CPU.ActiveCfg = Debug|Any CPU
		{592BB610-DFC8-4EA6-8D98-EB6679A7C303}.Debug|Any CPU.Build.0 = Debug|Any CPU
		{592BB610-DFC8-4EA6-8D98-EB6679A7C303}.Release|Any CPU.ActiveCfg = Release|Any CPU
		{592BB610-DFC8-4EA6-8D98-EB6679A7C303}.Release|Any CPU.Build.0 = Release|Any CPU
	EndGlobalSection
	GlobalSection(SolutionProperties) = preSolution
		HideSolutionNode = FALSE
	EndGlobalSection
	GlobalSection(ExtensibilityGlobals) = postSolution
		SolutionGuid = {1C2E244F-1512-4D39-8963-2549BAAC4EB8}
	EndGlobalSection
EndGlobal
